
Microsoft Visual Studio Solution File, Format Version 12.00
# Visual Studio 2013
VisualStudioVersion = 12.0.31101.0
MinimumVisualStudioVersion = 10.0.40219.1
Project("{2150E333-8FDC-42A3-9474-1A3956D46DE8}") = "1-Application", "1-Application", "{90FAA64E-F617-43DF-8005-2E29B2E52D2B}"
EndProject
Project("{2150E333-8FDC-42A3-9474-1A3956D46DE8}") = "2-Domain", "2-Domain", "{24C6FDBC-8FE9-4302-9341-3B457B41991C}"
EndProject
Project("{2150E333-8FDC-42A3-9474-1A3956D46DE8}") = "0-Web", "0-Web", "{02D407A3-6988-4837-818E-558781CC50C3}"
EndProject
Project("{2150E333-8FDC-42A3-9474-1A3956D46DE8}") = "3-Infraectructure", "3-Infraectructure", "{51179624-9B4E-4186-A42B-0A9224DDB9B8}"
EndProject
Project("{2150E333-8FDC-42A3-9474-1A3956D46DE8}") = "3.1- Crosscuting Concern", "3.1- Crosscuting Concern", "{94B3EAA9-711A-4F19-BB2A-F636BE3FDF89}"
EndProject
Project("{2150E333-8FDC-42A3-9474-1A3956D46DE8}") = "3.2- Data Persistance", "3.2- Data Persistance", "{71027A52-E9FB-4860-B50B-7A9DAB016282}"
EndProject
Project("{FAE04EC0-301F-11D3-BF4B-00C04F79EFBC}") = "Domain.Core", "Domain.Core\Domain.Core.csproj", "{ABF6B4CE-FBC0-4AC5-B774-F6B3B717C13D}"
EndProject
Project("{FAE04EC0-301F-11D3-BF4B-00C04F79EFBC}") = "Domain.T2C", "Domain.T2C\Domain.T2C.csproj", "{DD697412-540C-4202-9413-1375A37542FD}"
EndProject
Project("{FAE04EC0-301F-11D3-BF4B-00C04F79EFBC}") = "CC.Core", "CC.Core\CC.Core.csproj", "{EDAE6C9A-3DDA-4FF3-A882-EF9CD1BB5018}"
EndProject
Project("{FAE04EC0-301F-11D3-BF4B-00C04F79EFBC}") = "CC.Mapping.AutoMapper", "CC.Mapping.AutoMapper\CC.Mapping.AutoMapper.csproj", "{6A791CD7-D68C-450B-B2BD-C82398BBF929}"
EndProject
Project("{FAE04EC0-301F-11D3-BF4B-00C04F79EFBC}") = "DataPersistance.Core", "DataPersistance.Core\DataPersistance.Core.csproj", "{BAFF7CAC-2C60-4531-944B-FAAEBF59E6AC}"
EndProject
Project("{FAE04EC0-301F-11D3-BF4B-00C04F79EFBC}") = "DataPersistance.EntityFramework", "DataPersistance.EntityFramework\DataPersistance.EntityFramework.csproj", "{6E903BA2-F150-42B8-BE86-6BC2046D169A}"
EndProject
Project("{FAE04EC0-301F-11D3-BF4B-00C04F79EFBC}") = "CellService", "CellService\CellService.csproj", "{2F5AACF6-699A-414A-BA23-24C35BD3B02E}"
EndProject
Project("{FAE04EC0-301F-11D3-BF4B-00C04F79EFBC}") = "T2C", "T2C\T2C.csproj", "{A52FFA08-A61C-4828-9FCA-1FFC110C3C69}"
EndProject
Global
	GlobalSection(SolutionConfigurationPlatforms) = preSolution
		Debug|Any CPU = Debug|Any CPU
		Release|Any CPU = Release|Any CPU
	EndGlobalSection
	GlobalSection(ProjectConfigurationPlatforms) = postSolution
		{ABF6B4CE-FBC0-4AC5-B774-F6B3B717C13D}.Debug|Any CPU.ActiveCfg = Debug|Any CPU
		{ABF6B4CE-FBC0-4AC5-B774-F6B3B717C13D}.Debug|Any CPU.Build.0 = Debug|Any CPU
		{ABF6B4CE-FBC0-4AC5-B774-F6B3B717C13D}.Release|Any CPU.ActiveCfg = Release|Any CPU
		{ABF6B4CE-FBC0-4AC5-B774-F6B3B717C13D}.Release|Any CPU.Build.0 = Release|Any CPU
		{DD697412-540C-4202-9413-1375A37542FD}.Debug|Any CPU.ActiveCfg = Debug|Any CPU
		{DD697412-540C-4202-9413-1375A37542FD}.Debug|Any CPU.Build.0 = Debug|Any CPU
		{DD697412-540C-4202-9413-1375A37542FD}.Release|Any CPU.ActiveCfg = Release|Any CPU
		{DD697412-540C-4202-9413-1375A37542FD}.Release|Any CPU.Build.0 = Release|Any CPU
		{EDAE6C9A-3DDA-4FF3-A882-EF9CD1BB5018}.Debug|Any CPU.ActiveCfg = Debug|Any CPU
		{EDAE6C9A-3DDA-4FF3-A882-EF9CD1BB5018}.Debug|Any CPU.Build.0 = Debug|Any CPU
		{EDAE6C9A-3DDA-4FF3-A882-EF9CD1BB5018}.Release|Any CPU.ActiveCfg = Release|Any CPU
		{EDAE6C9A-3DDA-4FF3-A882-EF9CD1BB5018}.Release|Any CPU.Build.0 = Release|Any CPU
		{6A791CD7-D68C-450B-B2BD-C82398BBF929}.Debug|Any CPU.ActiveCfg = Debug|Any CPU
		{6A791CD7-D68C-450B-B2BD-C82398BBF929}.Debug|Any CPU.Build.0 = Debug|Any CPU
		{6A791CD7-D68C-450B-B2BD-C82398BBF929}.Release|Any CPU.ActiveCfg = Release|Any CPU
		{6A791CD7-D68C-450B-B2BD-C82398BBF929}.Release|Any CPU.Build.0 = Release|Any CPU
		{BAFF7CAC-2C60-4531-944B-FAAEBF59E6AC}.Debug|Any CPU.ActiveCfg = Debug|Any CPU
		{BAFF7CAC-2C60-4531-944B-FAAEBF59E6AC}.Debug|Any CPU.Build.0 = Debug|Any CPU
		{BAFF7CAC-2C60-4531-944B-FAAEBF59E6AC}.Release|Any CPU.ActiveCfg = Release|Any CPU
		{BAFF7CAC-2C60-4531-944B-FAAEBF59E6AC}.Release|Any CPU.Build.0 = Release|Any CPU
		{6E903BA2-F150-42B8-BE86-6BC2046D169A}.Debug|Any CPU.ActiveCfg = Debug|Any CPU
		{6E903BA2-F150-42B8-BE86-6BC2046D169A}.Debug|Any CPU.Build.0 = Debug|Any CPU
		{6E903BA2-F150-42B8-BE86-6BC2046D169A}.Release|Any CPU.ActiveCfg = Release|Any CPU
		{6E903BA2-F150-42B8-BE86-6BC2046D169A}.Release|Any CPU.Build.0 = Release|Any CPU
		{2F5AACF6-699A-414A-BA23-24C35BD3B02E}.Debug|Any CPU.ActiveCfg = Debug|Any CPU
		{2F5AACF6-699A-414A-BA23-24C35BD3B02E}.Debug|Any CPU.Build.0 = Debug|Any CPU
		{2F5AACF6-699A-414A-BA23-24C35BD3B02E}.Release|Any CPU.ActiveCfg = Release|Any CPU
		{2F5AACF6-699A-414A-BA23-24C35BD3B02E}.Release|Any CPU.Build.0 = Release|Any CPU
		{A52FFA08-A61C-4828-9FCA-1FFC110C3C69}.Debug|Any CPU.ActiveCfg = Debug|Any CPU
		{A52FFA08-A61C-4828-9FCA-1FFC110C3C69}.Debug|Any CPU.Build.0 = Debug|Any CPU
		{A52FFA08-A61C-4828-9FCA-1FFC110C3C69}.Release|Any CPU.ActiveCfg = Release|Any CPU
		{A52FFA08-A61C-4828-9FCA-1FFC110C3C69}.Release|Any CPU.Build.0 = Release|Any CPU
	EndGlobalSection
	GlobalSection(SolutionProperties) = preSolution
		HideSolutionNode = FALSE
	EndGlobalSection
	GlobalSection(NestedProjects) = preSolution
		{94B3EAA9-711A-4F19-BB2A-F636BE3FDF89} = {51179624-9B4E-4186-A42B-0A9224DDB9B8}
		{71027A52-E9FB-4860-B50B-7A9DAB016282} = {51179624-9B4E-4186-A42B-0A9224DDB9B8}
		{ABF6B4CE-FBC0-4AC5-B774-F6B3B717C13D} = {24C6FDBC-8FE9-4302-9341-3B457B41991C}
		{DD697412-540C-4202-9413-1375A37542FD} = {24C6FDBC-8FE9-4302-9341-3B457B41991C}
		{EDAE6C9A-3DDA-4FF3-A882-EF9CD1BB5018} = {94B3EAA9-711A-4F19-BB2A-F636BE3FDF89}
		{6A791CD7-D68C-450B-B2BD-C82398BBF929} = {94B3EAA9-711A-4F19-BB2A-F636BE3FDF89}
		{BAFF7CAC-2C60-4531-944B-FAAEBF59E6AC} = {71027A52-E9FB-4860-B50B-7A9DAB016282}
		{6E903BA2-F150-42B8-BE86-6BC2046D169A} = {71027A52-E9FB-4860-B50B-7A9DAB016282}
		{2F5AACF6-699A-414A-BA23-24C35BD3B02E} = {90FAA64E-F617-43DF-8005-2E29B2E52D2B}
		{A52FFA08-A61C-4828-9FCA-1FFC110C3C69} = {02D407A3-6988-4837-818E-558781CC50C3}
	EndGlobalSection
EndGlobal
